// !$*UTF8*$!
{
	archiveVersion = 1;
	classes = {
	};
	objectVersion = 46;
	objects = {

/* Begin PBXBuildFile section */
		1EE6D10C1DAD924D006EBDBF /* AppDelegate.swift in Sources */ = {isa = PBXBuildFile; fileRef = 1EE6D10B1DAD924D006EBDBF /* AppDelegate.swift */; };
		1EE6D1111DAD924D006EBDBF /* Main.storyboard in Resources */ = {isa = PBXBuildFile; fileRef = 1EE6D10F1DAD924D006EBDBF /* Main.storyboard */; };
		1EE6D1131DAD924D006EBDBF /* Assets.xcassets in Resources */ = {isa = PBXBuildFile; fileRef = 1EE6D1121DAD924D006EBDBF /* Assets.xcassets */; };
		1EE6D1161DAD924D006EBDBF /* LaunchScreen.storyboard in Resources */ = {isa = PBXBuildFile; fileRef = 1EE6D1141DAD924D006EBDBF /* LaunchScreen.storyboard */; };
		1EE6D11E1DAD928B006EBDBF /* GameOfThronesTableViewController.swift in Sources */ = {isa = PBXBuildFile; fileRef = 1EE6D11D1DAD928B006EBDBF /* GameOfThronesTableViewController.swift */; };
		1EE6D1201DAD9310006EBDBF /* got.json in Resources */ = {isa = PBXBuildFile; fileRef = 1EE6D11F1DAD9310006EBDBF /* got.json */; };
		9ED41AEC1DB0212600378593 /* GOTEpisode.swift in Sources */ = {isa = PBXBuildFile; fileRef = 9ED41AEB1DB0212600378593 /* GOTEpisode.swift */; };
		9ED41AEE1DB120DD00378593 /* GOTEpisodeTableViewCell.swift in Sources */ = {isa = PBXBuildFile; fileRef = 9ED41AED1DB120DD00378593 /* GOTEpisodeTableViewCell.swift */; };
		9EE38B561DB19D7600427F9E /* DetailViewController.swift in Sources */ = {isa = PBXBuildFile; fileRef = 9EE38B551DB19D7600427F9E /* DetailViewController.swift */; };
		B04A0E82577F1D34EAD82C8F /* Pods_AC3_2_GameOfThrones.framework in Frameworks */ = {isa = PBXBuildFile; fileRef = 9CF40259204141DD9ACDB466 /* Pods_AC3_2_GameOfThrones.framework */; };
/* End PBXBuildFile section */

/* Begin PBXFileReference section */
		0F57C83905F91BB83156F269 /* Pods-AC3.2-GameOfThrones.release.xcconfig */ = {isa = PBXFileReference; includeInIndex = 1; lastKnownFileType = text.xcconfig; name = "Pods-AC3.2-GameOfThrones.release.xcconfig"; path = "Pods/Target Support Files/Pods-AC3.2-GameOfThrones/Pods-AC3.2-GameOfThrones.release.xcconfig"; sourceTree = "<group>"; };
		1EE6D1081DAD924D006EBDBF /* AC3.2-GameOfThrones.app */ = {isa = PBXFileReference; explicitFileType = wrapper.application; includeInIndex = 0; path = "AC3.2-GameOfThrones.app"; sourceTree = BUILT_PRODUCTS_DIR; };
		1EE6D10B1DAD924D006EBDBF /* AppDelegate.swift */ = {isa = PBXFileReference; lastKnownFileType = sourcecode.swift; path = AppDelegate.swift; sourceTree = "<group>"; };
		1EE6D1101DAD924D006EBDBF /* Base */ = {isa = PBXFileReference; lastKnownFileType = file.storyboard; name = Base; path = Base.lproj/Main.storyboard; sourceTree = "<group>"; };
		1EE6D1121DAD924D006EBDBF /* Assets.xcassets */ = {isa = PBXFileReference; lastKnownFileType = folder.assetcatalog; path = Assets.xcassets; sourceTree = "<group>"; };
		1EE6D1151DAD924D006EBDBF /* Base */ = {isa = PBXFileReference; lastKnownFileType = file.storyboard; name = Base; path = Base.lproj/LaunchScreen.storyboard; sourceTree = "<group>"; };
		1EE6D1171DAD924D006EBDBF /* Info.plist */ = {isa = PBXFileReference; lastKnownFileType = text.plist.xml; path = Info.plist; sourceTree = "<group>"; };
		1EE6D11D1DAD928B006EBDBF /* GameOfThronesTableViewController.swift */ = {isa = PBXFileReference; fileEncoding = 4; lastKnownFileType = sourcecode.swift; path = GameOfThronesTableViewController.swift; sourceTree = "<group>"; };
		1EE6D11F1DAD9310006EBDBF /* got.json */ = {isa = PBXFileReference; fileEncoding = 4; lastKnownFileType = text.json; path = got.json; sourceTree = "<group>"; };
		9CF40259204141DD9ACDB466 /* Pods_AC3_2_GameOfThrones.framework */ = {isa = PBXFileReference; explicitFileType = wrapper.framework; includeInIndex = 0; path = Pods_AC3_2_GameOfThrones.framework; sourceTree = BUILT_PRODUCTS_DIR; };
		9ED41AEB1DB0212600378593 /* GOTEpisode.swift */ = {isa = PBXFileReference; fileEncoding = 4; lastKnownFileType = sourcecode.swift; path = GOTEpisode.swift; sourceTree = "<group>"; };
		9ED41AED1DB120DD00378593 /* GOTEpisodeTableViewCell.swift */ = {isa = PBXFileReference; fileEncoding = 4; lastKnownFileType = sourcecode.swift; path = GOTEpisodeTableViewCell.swift; sourceTree = "<group>"; };
		9EE38B551DB19D7600427F9E /* DetailViewController.swift */ = {isa = PBXFileReference; fileEncoding = 4; lastKnownFileType = sourcecode.swift; path = DetailViewController.swift; sourceTree = "<group>"; };
		F5D902BD879BCF5E5BEA5184 /* Pods-AC3.2-GameOfThrones.debug.xcconfig */ = {isa = PBXFileReference; includeInIndex = 1; lastKnownFileType = text.xcconfig; name = "Pods-AC3.2-GameOfThrones.debug.xcconfig"; path = "Pods/Target Support Files/Pods-AC3.2-GameOfThrones/Pods-AC3.2-GameOfThrones.debug.xcconfig"; sourceTree = "<group>"; };
/* End PBXFileReference section */

/* Begin PBXFrameworksBuildPhase section */
		1EE6D1051DAD924C006EBDBF /* Frameworks */ = {
			isa = PBXFrameworksBuildPhase;
			buildActionMask = 2147483647;
			files = (
				B04A0E82577F1D34EAD82C8F /* Pods_AC3_2_GameOfThrones.framework in Frameworks */,
			);
			runOnlyForDeploymentPostprocessing = 0;
		};
/* End PBXFrameworksBuildPhase section */

/* Begin PBXGroup section */
		1EE6D0FF1DAD924C006EBDBF = {
			isa = PBXGroup;
			children = (
				1EE6D10A1DAD924D006EBDBF /* AC3.2-GameOfThrones */,
				1EE6D1091DAD924D006EBDBF /* Products */,
				72B0BA6A2441E0C343D5A4AE /* Pods */,
				42D6781F3D82B08E8C043947 /* Frameworks */,
			);
			sourceTree = "<group>";
		};
		1EE6D1091DAD924D006EBDBF /* Products */ = {
			isa = PBXGroup;
			children = (
				1EE6D1081DAD924D006EBDBF /* AC3.2-GameOfThrones.app */,
			);
			name = Products;
			sourceTree = "<group>";
		};
		1EE6D10A1DAD924D006EBDBF /* AC3.2-GameOfThrones */ = {
			isa = PBXGroup;
			children = (
				1EE6D11F1DAD9310006EBDBF /* got.json */,
				1EE6D1171DAD924D006EBDBF /* Info.plist */,
				1EE6D10B1DAD924D006EBDBF /* AppDelegate.swift */,
				9EE38B551DB19D7600427F9E /* DetailViewController.swift */,
				1EE6D11D1DAD928B006EBDBF /* GameOfThronesTableViewController.swift */,
				9ED41AEB1DB0212600378593 /* GOTEpisode.swift */,
				9ED41AED1DB120DD00378593 /* GOTEpisodeTableViewCell.swift */,
				1EE6D1121DAD924D006EBDBF /* Assets.xcassets */,
				1EE6D1141DAD924D006EBDBF /* LaunchScreen.storyboard */,
				1EE6D10F1DAD924D006EBDBF /* Main.storyboard */,
			);
			path = "AC3.2-GameOfThrones";
			sourceTree = "<group>";
		};
		42D6781F3D82B08E8C043947 /* Frameworks */ = {
			isa = PBXGroup;
			children = (
				9CF40259204141DD9ACDB466 /* Pods_AC3_2_GameOfThrones.framework */,
			);
			name = Frameworks;
			sourceTree = "<group>";
		};
		72B0BA6A2441E0C343D5A4AE /* Pods */ = {
			isa = PBXGroup;
			children = (
				F5D902BD879BCF5E5BEA5184 /* Pods-AC3.2-GameOfThrones.debug.xcconfig */,
				0F57C83905F91BB83156F269 /* Pods-AC3.2-GameOfThrones.release.xcconfig */,
			);
			name = Pods;
			sourceTree = "<group>";
		};
/* End PBXGroup section */

/* Begin PBXNativeTarget section */
		1EE6D1071DAD924C006EBDBF /* AC3.2-GameOfThrones */ = {
			isa = PBXNativeTarget;
			buildConfigurationList = 1EE6D11A1DAD924D006EBDBF /* Build configuration list for PBXNativeTarget "AC3.2-GameOfThrones" */;
			buildPhases = (
				8ECFEBCE91FC96AA00CCCAE1 /* [CP] Check Pods Manifest.lock */,
				1EE6D1041DAD924C006EBDBF /* Sources */,
				1EE6D1051DAD924C006EBDBF /* Frameworks */,
				1EE6D1061DAD924C006EBDBF /* Resources */,
				CCB1511D56459D2FD5695694 /* [CP] Embed Pods Frameworks */,
				790B0924747E15F69D4B9559 /* [CP] Copy Pods Resources */,
			);
			buildRules = (
			);
			dependencies = (
			);
			name = "AC3.2-GameOfThrones";
			productName = "AC3.2-GameOfThrones";
			productReference = 1EE6D1081DAD924D006EBDBF /* AC3.2-GameOfThrones.app */;
			productType = "com.apple.product-type.application";
		};
/* End PBXNativeTarget section */

/* Begin PBXProject section */
		1EE6D1001DAD924C006EBDBF /* Project object */ = {
			isa = PBXProject;
			attributes = {
				LastSwiftUpdateCheck = 0800;
				LastUpgradeCheck = 0800;
				ORGANIZATIONNAME = C4Q;
				TargetAttributes = {
					1EE6D1071DAD924C006EBDBF = {
						CreatedOnToolsVersion = 8.0;
						ProvisioningStyle = Automatic;
					};
				};
			};
			buildConfigurationList = 1EE6D1031DAD924C006EBDBF /* Build configuration list for PBXProject "AC3.2-GameOfThrones" */;
			compatibilityVersion = "Xcode 3.2";
			developmentRegion = English;
			hasScannedForEncodings = 0;
			knownRegions = (
				en,
				Base,
			);
			mainGroup = 1EE6D0FF1DAD924C006EBDBF;
			productRefGroup = 1EE6D1091DAD924D006EBDBF /* Products */;
			projectDirPath = "";
			projectRoot = "";
			targets = (
				1EE6D1071DAD924C006EBDBF /* AC3.2-GameOfThrones */,
			);
		};
/* End PBXProject section */

/* Begin PBXResourcesBuildPhase section */
		1EE6D1061DAD924C006EBDBF /* Resources */ = {
			isa = PBXResourcesBuildPhase;
			buildActionMask = 2147483647;
			files = (
				1EE6D1161DAD924D006EBDBF /* LaunchScreen.storyboard in Resources */,
				1EE6D1131DAD924D006EBDBF /* Assets.xcassets in Resources */,
				1EE6D1201DAD9310006EBDBF /* got.json in Resources */,
				1EE6D1111DAD924D006EBDBF /* Main.storyboard in Resources */,
			);
			runOnlyForDeploymentPostprocessing = 0;
		};
/* End PBXResourcesBuildPhase section */

/* Begin PBXShellScriptBuildPhase section */
		790B0924747E15F69D4B9559 /* [CP] Copy Pods Resources */ = {
			isa = PBXShellScriptBuildPhase;
			buildActionMask = 2147483647;
			files = (
			);
			inputPaths = (
			);
			name = "[CP] Copy Pods Resources";
			outputPaths = (
			);
			runOnlyForDeploymentPostprocessing = 0;
			shellPath = /bin/sh;
			shellScript = "\"${SRCROOT}/Pods/Target Support Files/Pods-AC3.2-GameOfThrones/Pods-AC3.2-GameOfThrones-resources.sh\"\n";
			showEnvVarsInLog = 0;
		};
		8ECFEBCE91FC96AA00CCCAE1 /* [CP] Check Pods Manifest.lock */ = {
			isa = PBXShellScriptBuildPhase;
			buildActionMask = 2147483647;
			files = (
			);
			inputPaths = (
				"${PODS_PODFILE_DIR_PATH}/Podfile.lock",
				"${PODS_ROOT}/Manifest.lock",
			);
			name = "[CP] Check Pods Manifest.lock";
			outputPaths = (
				"$(DERIVED_FILE_DIR)/Pods-AC3.2-GameOfThrones-checkManifestLockResult.txt",
			);
			runOnlyForDeploymentPostprocessing = 0;
			shellPath = /bin/sh;
			shellScript = "diff \"${PODS_PODFILE_DIR_PATH}/Podfile.lock\" \"${PODS_ROOT}/Manifest.lock\" > /dev/null\nif [ $? != 0 ] ; then\n    # print error to STDERR\n    echo \"error: The sandbox is not in sync with the Podfile.lock. Run 'pod install' or update your CocoaPods installation.\" >&2\n    exit 1\nfi\n# This output is used by Xcode 'outputs' to avoid re-running this script phase.\necho \"SUCCESS\" > \"${SCRIPT_OUTPUT_FILE_0}\"\n";
			showEnvVarsInLog = 0;
		};
		CCB1511D56459D2FD5695694 /* [CP] Embed Pods Frameworks */ = {
			isa = PBXShellScriptBuildPhase;
			buildActionMask = 2147483647;
			files = (
			);
			inputPaths = (
				"${SRCROOT}/Pods/Target Support Files/Pods-AC3.2-GameOfThrones/Pods-AC3.2-GameOfThrones-frameworks.sh",
				"${BUILT_PRODUCTS_DIR}/Kingfisher/Kingfisher.framework",
			);
			name = "[CP] Embed Pods Frameworks";
			outputPaths = (
				"${TARGET_BUILD_DIR}/${FRAMEWORKS_FOLDER_PATH}/Kingfisher.framework",
			);
			runOnlyForDeploymentPostprocessing = 0;
			shellPath = /bin/sh;
			shellScript = "\"${SRCROOT}/Pods/Target Support Files/Pods-AC3.2-GameOfThrones/Pods-AC3.2-GameOfThrones-frameworks.sh\"\n";
			showEnvVarsInLog = 0;
		};
/* End PBXShellScriptBuildPhase section */

/* Begin PBXSourcesBuildPhase section */
		1EE6D1041DAD924C006EBDBF /* Sources */ = {
			isa = PBXSourcesBuildPhase;
			buildActionMask = 2147483647;
			files = (
				1EE6D11E1DAD928B006EBDBF /* GameOfThronesTableViewController.swift in Sources */,
				1EE6D10C1DAD924D006EBDBF /* AppDelegate.swift in Sources */,
				9EE38B561DB19D7600427F9E /* DetailViewController.swift in Sources */,
				9ED41AEE1DB120DD00378593 /* GOTEpisodeTableViewCell.swift in Sources */,
				9ED41AEC1DB0212600378593 /* GOTEpisode.swift in Sources */,
			);
			runOnlyForDeploymentPostprocessing = 0;
		};
/* End PBXSourcesBuildPhase section */

/* Begin PBXVariantGroup section */
		1EE6D10F1DAD924D006EBDBF /* Main.storyboard */ = {
			isa = PBXVariantGroup;
			children = (
				1EE6D1101DAD924D006EBDBF /* Base */,
			);
			name = Main.storyboard;
			sourceTree = "<group>";
		};
		1EE6D1141DAD924D006EBDBF /* LaunchScreen.storyboard */ = {
			isa = PBXVariantGroup;
			children = (
				1EE6D1151DAD924D006EBDBF /* Base */,
			);
			name = LaunchScreen.storyboard;
			sourceTree = "<group>";
		};
/* End PBXVariantGroup section */

/* Begin XCBuildConfiguration section */
		1EE6D1181DAD924D006EBDBF /* Debug */ = {
			isa = XCBuildConfiguration;
			buildSettings = {
				ALWAYS_SEARCH_USER_PATHS = NO;
				CLANG_ANALYZER_NONNULL = YES;
				CLANG_CXX_LANGUAGE_STANDARD = "gnu++0x";
				CLANG_CXX_LIBRARY = "libc++";
				CLANG_ENABLE_MODULES = YES;
				CLANG_ENABLE_OBJC_ARC = YES;
				CLANG_WARN_BOOL_CONVERSION = YES;
				CLANG_WARN_CONSTANT_CONVERSION = YES;
				CLANG_WARN_DIRECT_OBJC_ISA_USAGE = YES_ERROR;
				CLANG_WARN_DOCUMENTATION_COMMENTS = YES;
				CLANG_WARN_EMPTY_BODY = YES;
				CLANG_WARN_ENUM_CONVERSION = YES;
				CLANG_WARN_INFINITE_RECURSION = YES;
				CLANG_WARN_INT_CONVERSION = YES;
				CLANG_WARN_OBJC_ROOT_CLASS = YES_ERROR;
				CLANG_WARN_SUSPICIOUS_MOVES = YES;
				CLANG_WARN_UNREACHABLE_CODE = YES;
				CLANG_WARN__DUPLICATE_METHOD_MATCH = YES;
				"CODE_SIGN_IDENTITY[sdk=iphoneos*]" = "iPhone Developer";
				COPY_PHASE_STRIP = NO;
				DEBUG_INFORMATION_FORMAT = dwarf;
				ENABLE_STRICT_OBJC_MSGSEND = YES;
				ENABLE_TESTABILITY = YES;
				GCC_C_LANGUAGE_STANDARD = gnu99;
				GCC_DYNAMIC_NO_PIC = NO;
				GCC_NO_COMMON_BLOCKS = YES;
				GCC_OPTIMIZATION_LEVEL = 0;
				GCC_PREPROCESSOR_DEFINITIONS = (
					"DEBUG=1",
					"$(inherited)",
				);
				GCC_WARN_64_TO_32_BIT_CONVERSION = YES;
				GCC_WARN_ABOUT_RETURN_TYPE = YES_ERROR;
				GCC_WARN_UNDECLARED_SELECTOR = YES;
				GCC_WARN_UNINITIALIZED_AUTOS = YES_AGGRESSIVE;
				GCC_WARN_UNUSED_FUNCTION = YES;
				GCC_WARN_UNUSED_VARIABLE = YES;
				IPHONEOS_DEPLOYMENT_TARGET = 10.0;
				MTL_ENABLE_DEBUG_INFO = YES;
				ONLY_ACTIVE_ARCH = YES;
				SDKROOT = iphoneos;
				SWIFT_ACTIVE_COMPILATION_CONDITIONS = DEBUG;
				SWIFT_OPTIMIZATION_LEVEL = "-Onone";
				TARGETED_DEVICE_FAMILY = "1,2";
			};
			name = Debug;
		};
		1EE6D1191DAD924D006EBDBF /* Release */ = {
			isa = XCBuildConfiguration;
			buildSettings = {
				ALWAYS_SEARCH_USER_PATHS = NO;
				CLANG_ANALYZER_NONNULL = YES;
				CLANG_CXX_LANGUAGE_STANDARD = "gnu++0x";
				CLANG_CXX_LIBRARY = "libc++";
				CLANG_ENABLE_MODULES = YES;
				CLANG_ENABLE_OBJC_ARC = YES;
				CLANG_WARN_BOOL_CONVERSION = YES;
				CLANG_WARN_CONSTANT_CONVERSION = YES;
				CLANG_WARN_DIRECT_OBJC_ISA_USAGE = YES_ERROR;
				CLANG_WARN_DOCUMENTATION_COMMENTS = YES;
				CLANG_WARN_EMPTY_BODY = YES;
				CLANG_WARN_ENUM_CONVERSION = YES;
				CLANG_WARN_INFINITE_RECURSION = YES;
				CLANG_WARN_INT_CONVERSION = YES;
				CLANG_WARN_OBJC_ROOT_CLASS = YES_ERROR;
				CLANG_WARN_SUSPICIOUS_MOVES = YES;
				CLANG_WARN_UNREACHABLE_CODE = YES;
				CLANG_WARN__DUPLICATE_METHOD_MATCH = YES;
				"CODE_SIGN_IDENTITY[sdk=iphoneos*]" = "iPhone Developer";
				COPY_PHASE_STRIP = NO;
				DEBUG_INFORMATION_FORMAT = "dwarf-with-dsym";
				ENABLE_NS_ASSERTIONS = NO;
				ENABLE_STRICT_OBJC_MSGSEND = YES;
				GCC_C_LANGUAGE_STANDARD = gnu99;
				GCC_NO_COMMON_BLOCKS = YES;
				GCC_WARN_64_TO_32_BIT_CONVERSION = YES;
				GCC_WARN_ABOUT_RETURN_TYPE = YES_ERROR;
				GCC_WARN_UNDECLARED_SELECTOR = YES;
				GCC_WARN_UNINITIALIZED_AUTOS = YES_AGGRESSIVE;
				GCC_WARN_UNUSED_FUNCTION = YES;
				GCC_WARN_UNUSED_VARIABLE = YES;
				IPHONEOS_DEPLOYMENT_TARGET = 10.0;
				MTL_ENABLE_DEBUG_INFO = NO;
				SDKROOT = iphoneos;
				SWIFT_OPTIMIZATION_LEVEL = "-Owholemodule";
				TARGETED_DEVICE_FAMILY = "1,2";
				VALIDATE_PRODUCT = YES;
			};
			name = Release;
		};
		1EE6D11B1DAD924D006EBDBF /* Debug */ = {
			isa = XCBuildConfiguration;
			baseConfigurationReference = F5D902BD879BCF5E5BEA5184 /* Pods-AC3.2-GameOfThrones.debug.xcconfig */;
			buildSettings = {
				ASSETCATALOG_COMPILER_APPICON_NAME = AppIcon;
				INFOPLIST_FILE = "AC3.2-GameOfThrones/Info.plist";
				LD_RUNPATH_SEARCH_PATHS = "$(inherited) @executable_path/Frameworks";
				PRODUCT_BUNDLE_IDENTIFIER = "nyc.c4q.jasongresh.AC3-2-GameOfThrones";
				PRODUCT_NAME = "$(TARGET_NAME)";
				SWIFT_VERSION = 3.0;
			};
			name = Debug;
		};
		1EE6D11C1DAD924D006EBDBF /* Release */ = {
			isa = XCBuildConfiguration;
			baseConfigurationReference = 0F57C83905F91BB83156F269 /* Pods-AC3.2-GameOfThrones.release.xcconfig */;
			buildSettings = {
				ASSETCATALOG_COMPILER_APPICON_NAME = AppIcon;
				INFOPLIST_FILE = "AC3.2-GameOfThrones/Info.plist";
				LD_RUNPATH_SEARCH_PATHS = "$(inherited) @executable_path/Frameworks";
				PRODUCT_BUNDLE_IDENTIFIER = "nyc.c4q.jasongresh.AC3-2-GameOfThrones";
				PRODUCT_NAME = "$(TARGET_NAME)";
				SWIFT_VERSION = 3.0;
			};
			name = Release;
		};
/* End XCBuildConfiguration section */

/* Begin XCConfigurationList section */
		1EE6D1031DAD924C006EBDBF /* Build configuration list for PBXProject "AC3.2-GameOfThrones" */ = {
			isa = XCConfigurationList;
			buildConfigurations = (
				1EE6D1181DAD924D006EBDBF /* Debug */,
				1EE6D1191DAD924D006EBDBF /* Release */,
			);
			defaultConfigurationIsVisible = 0;
			defaultConfigurationName = Release;
		};
		1EE6D11A1DAD924D006EBDBF /* Build configuration list for PBXNativeTarget "AC3.2-GameOfThrones" */ = {
			isa = XCConfigurationList;
			buildConfigurations = (
				1EE6D11B1DAD924D006EBDBF /* Debug */,
				1EE6D11C1DAD924D006EBDBF /* Release */,
			);
			defaultConfigurationIsVisible = 0;
			defaultConfigurationName = Release;
		};
/* End XCConfigurationList section */
	};
	rootObject = 1EE6D1001DAD924C006EBDBF /* Project object */;
}
